{
  "nodes": {
    "home-manager": {
      "inputs": {
        "nixpkgs": "nixpkgs"
      },
      "locked": {
        "lastModified": 1637398047,
        "narHash": "sha256-H6yh2VvABMhrkjYrPccc0Buak4L9jtFzsb98FsNDM2Q=",
        "owner": "nix-community",
        "repo": "home-manager",
        "rev": "c82bc787b8990c89f2f7d57df652ce2424129b92",
        "type": "github"
      },
      "original": {
        "owner": "nix-community",
        "ref": "release-21.11",
        "repo": "home-manager",
        "type": "github"
      }
    },
    "nixpkgs": {
      "locked": {
        "lastModified": 1637407427,
        "narHash": "sha256-2GGKlrLBSL+sDMqY1qoTB4EYEcw4tafu74OWeQEheI8=",
        "path": "/nix/store/9zqwl307pfffd3ckjqgl87nwbfs37fb3-source",
        "rev": "2e7159a8724caa72f54914a781732701038639b2",
        "type": "path"
      },
      "original": {
        "id": "nixpkgs",
        "type": "indirect"
      }
    },
    "nixpkgs_2": {
      "locked": {
        "lastModified": 1637407427,
        "narHash": "sha256-2GGKlrLBSL+sDMqY1qoTB4EYEcw4tafu74OWeQEheI8=",
        "owner": "nishirken",
        "repo": "nixpkgs",
        "rev": "2e7159a8724caa72f54914a781732701038639b2",
        "type": "github"
      },
      "original": {
        "owner": "nishirken",
        "ref": "nixos-21.05-zsh-autocomplete-fix",
        "repo": "nixpkgs",
        "type": "github"
      }
    },
    "nixpkgs_unstable": {
      "locked": {
        "lastModified": 1637155076,
        "narHash": "sha256-26ZPNiuzlsnXpt55Q44+yzXvp385aNAfevzVEKbrU5Q=",
        "owner": "NixOS",
        "repo": "nixpkgs",
        "rev": "715f63411952c86c8f57ab9e3e3cb866a015b5f2",
        "type": "github"
      },
      "original": {
        "owner": "NixOS",
        "ref": "nixos-unstable",
        "repo": "nixpkgs",
        "type": "github"
      }
    },
    "root": {
      "inputs": {
        "home-manager": "home-manager",
        "nixpkgs": "nixpkgs_2",
        "nixpkgs_unstable": "nixpkgs_unstable"
      }
    }
  },
  "root": "root",
  "version": 7
}
