{
  "nodes": {
    "nixpkgs": {
      "locked": {
        "lastModified": 1636944046,
        "narHash": "sha256-74KLDsiWSBsYXKj/ql9EGbw1TbIJRE7clFkhl30HV/c=",
        "owner": "NixOS",
        "repo": "nixpkgs",
        "rev": "46251a79f752ae1d46ef733e8e9760b6d3429da4",
        "type": "github"
      },
      "original": {
        "owner": "NixOS",
        "ref": "nixos-21.05",
        "repo": "nixpkgs",
        "type": "github"
      }
    },
    "root": {
      "inputs": {
        "nixpkgs": "nixpkgs"
      }
    }
  },
  "root": "root",
  "version": 7
}
