{
  "nodes": {
    "home-manager": {
      "inputs": {
        "nixpkgs": "nixpkgs"
      },
      "locked": {
        "lastModified": 1639871969,
        "narHash": "sha256-6feWUnMygRzA9tzkrfAzpA5/NBYg75bkFxnqb1DtD7E=",
        "owner": "nix-community",
        "repo": "home-manager",
        "rev": "697cc8c68ed6a606296efbbe9614c32537078756",
        "type": "github"
      },
      "original": {
        "owner": "nix-community",
        "ref": "release-21.11",
        "repo": "home-manager",
        "type": "github"
      }
    },
    "nixpkgs": {
      "locked": {
        "lastModified": 1638371214,
        "narHash": "sha256-0kE6KhgH7n0vyuX4aUoGsGIQOqjIx2fJavpCWtn73rc=",
        "path": "/nix/store/d0dl9ch4hhxkqikc1dw3868j95gsbb0h-source",
        "rev": "a640d8394f34714578f3e6335fc767d0755d78f9",
        "type": "path"
      },
      "original": {
        "id": "nixpkgs",
        "type": "indirect"
      }
    },
    "nixpkgs_2": {
      "locked": {
        "lastModified": 1639891440,
        "narHash": "sha256-FJxa6ObwOQKZy3VhwN5bJRzX+MV/Yq9WLHK/4jlPKrs=",
        "owner": "NixOS",
        "repo": "nixpkgs",
        "rev": "e6377ff35544226392b49fa2cf05590f9f0c4b43",
        "type": "github"
      },
      "original": {
        "owner": "NixOS",
        "ref": "nixos-21.11",
        "repo": "nixpkgs",
        "type": "github"
      }
    },
    "nixpkgs_unstable": {
      "locked": {
        "lastModified": 1639876010,
        "narHash": "sha256-naGsoUfsY92NaIGiFI8XFXBnesw8BQGe694xcfaLMDI=",
        "owner": "NixOS",
        "repo": "nixpkgs",
        "rev": "395879c28386e1abf20c7ecacd45880759548391",
        "type": "github"
      },
      "original": {
        "owner": "NixOS",
        "ref": "nixos-unstable",
        "repo": "nixpkgs",
        "type": "github"
      }
    },
    "root": {
      "inputs": {
        "home-manager": "home-manager",
        "nixpkgs": "nixpkgs_2",
        "nixpkgs_unstable": "nixpkgs_unstable"
      }
    }
  },
  "root": "root",
  "version": 7
}
